// !$*UTF8*$!
{
	archiveVersion = 1;
	classes = {
	};
	objectVersion = 46;
	objects = {

/* Begin PBXBuildFile section */
		803D10281B856D7400B8D958 /* AppDelegate.swift in Sources */ = {isa = PBXBuildFile; fileRef = 803D10271B856D7400B8D958 /* AppDelegate.swift */; };
		803D102A1B856D7400B8D958 /* FlightViewController.swift in Sources */ = {isa = PBXBuildFile; fileRef = 803D10291B856D7400B8D958 /* FlightViewController.swift */; };
		803D102D1B856D7400B8D958 /* Main.storyboard in Resources */ = {isa = PBXBuildFile; fileRef = 803D102B1B856D7400B8D958 /* Main.storyboard */; };
		803D102F1B856D7400B8D958 /* Images.xcassets in Resources */ = {isa = PBXBuildFile; fileRef = 803D102E1B856D7400B8D958 /* Images.xcassets */; };
		803D10321B856D7400B8D958 /* LaunchScreen.xib in Resources */ = {isa = PBXBuildFile; fileRef = 803D10301B856D7400B8D958 /* LaunchScreen.xib */; };
		803D103E1B856D7400B8D958 /* ChindiiTests.swift in Sources */ = {isa = PBXBuildFile; fileRef = 803D103D1B856D7400B8D958 /* ChindiiTests.swift */; };
		803D10521B9950A900B8D958 /* FlightView.swift in Sources */ = {isa = PBXBuildFile; fileRef = 803D10511B9950A900B8D958 /* FlightView.swift */; };
		803D10541B9E22A700B8D958 /* MenuViewController.swift in Sources */ = {isa = PBXBuildFile; fileRef = 803D10531B9E22A700B8D958 /* MenuViewController.swift */; };
		8065DC0C1C4DEA6A00FEC634 /* FramedSerialMessage.swift in Sources */ = {isa = PBXBuildFile; fileRef = 8065DC0B1C4DEA6A00FEC634 /* FramedSerialMessage.swift */; };
		8065DC0E1C4DEDE600FEC634 /* FramedSerialProtocol.swift in Sources */ = {isa = PBXBuildFile; fileRef = 8065DC0D1C4DEDE600FEC634 /* FramedSerialProtocol.swift */; };
		807C0AFB1C5D127400CF0C6E /* BluetoothViewController.swift in Sources */ = {isa = PBXBuildFile; fileRef = 807C0AFA1C5D127400CF0C6E /* BluetoothViewController.swift */; };
		807C0AFD1C61598600CF0C6E /* MessageManager.swift in Sources */ = {isa = PBXBuildFile; fileRef = 807C0AFC1C61598600CF0C6E /* MessageManager.swift */; };
		80E954731C557BC3007BDB81 /* ConfigModel.swift in Sources */ = {isa = PBXBuildFile; fileRef = 80E954721C557BC3007BDB81 /* ConfigModel.swift */; };
		80E954751C557DB5007BDB81 /* FlightModel.swift in Sources */ = {isa = PBXBuildFile; fileRef = 80E954741C557DB5007BDB81 /* FlightModel.swift */; };
/* End PBXBuildFile section */

/* Begin PBXContainerItemProxy section */
		803D10381B856D7400B8D958 /* PBXContainerItemProxy */ = {
			isa = PBXContainerItemProxy;
			containerPortal = 803D101A1B856D7300B8D958 /* Project object */;
			proxyType = 1;
			remoteGlobalIDString = 803D10211B856D7300B8D958;
			remoteInfo = Chindii;
		};
/* End PBXContainerItemProxy section */

/* Begin PBXFileReference section */
		803D10221B856D7300B8D958 /* Chindii.app */ = {isa = PBXFileReference; explicitFileType = wrapper.application; includeInIndex = 0; path = Chindii.app; sourceTree = BUILT_PRODUCTS_DIR; };
		803D10261B856D7400B8D958 /* Info.plist */ = {isa = PBXFileReference; lastKnownFileType = text.plist.xml; path = Info.plist; sourceTree = "<group>"; };
		803D10271B856D7400B8D958 /* AppDelegate.swift */ = {isa = PBXFileReference; lastKnownFileType = sourcecode.swift; path = AppDelegate.swift; sourceTree = "<group>"; };
		803D10291B856D7400B8D958 /* FlightViewController.swift */ = {isa = PBXFileReference; lastKnownFileType = sourcecode.swift; path = FlightViewController.swift; sourceTree = "<group>"; };
		803D102C1B856D7400B8D958 /* Base */ = {isa = PBXFileReference; lastKnownFileType = file.storyboard; name = Base; path = Base.lproj/Main.storyboard; sourceTree = "<group>"; };
		803D102E1B856D7400B8D958 /* Images.xcassets */ = {isa = PBXFileReference; lastKnownFileType = folder.assetcatalog; path = Images.xcassets; sourceTree = "<group>"; };
		803D10311B856D7400B8D958 /* Base */ = {isa = PBXFileReference; lastKnownFileType = file.xib; name = Base; path = Base.lproj/LaunchScreen.xib; sourceTree = "<group>"; };
		803D10371B856D7400B8D958 /* ChindiiTests.xctest */ = {isa = PBXFileReference; explicitFileType = wrapper.cfbundle; includeInIndex = 0; path = ChindiiTests.xctest; sourceTree = BUILT_PRODUCTS_DIR; };
		803D103C1B856D7400B8D958 /* Info.plist */ = {isa = PBXFileReference; lastKnownFileType = text.plist.xml; path = Info.plist; sourceTree = "<group>"; };
		803D103D1B856D7400B8D958 /* ChindiiTests.swift */ = {isa = PBXFileReference; lastKnownFileType = sourcecode.swift; path = ChindiiTests.swift; sourceTree = "<group>"; };
		803D10511B9950A900B8D958 /* FlightView.swift */ = {isa = PBXFileReference; fileEncoding = 4; lastKnownFileType = sourcecode.swift; path = FlightView.swift; sourceTree = "<group>"; };
		803D10531B9E22A700B8D958 /* MenuViewController.swift */ = {isa = PBXFileReference; fileEncoding = 4; lastKnownFileType = sourcecode.swift; path = MenuViewController.swift; sourceTree = "<group>"; };
		8065DC0B1C4DEA6A00FEC634 /* FramedSerialMessage.swift */ = {isa = PBXFileReference; fileEncoding = 4; lastKnownFileType = sourcecode.swift; path = FramedSerialMessage.swift; sourceTree = "<group>"; };
		8065DC0D1C4DEDE600FEC634 /* FramedSerialProtocol.swift */ = {isa = PBXFileReference; fileEncoding = 4; lastKnownFileType = sourcecode.swift; path = FramedSerialProtocol.swift; sourceTree = "<group>"; };
		807C0AFA1C5D127400CF0C6E /* BluetoothViewController.swift */ = {isa = PBXFileReference; fileEncoding = 4; lastKnownFileType = sourcecode.swift; path = BluetoothViewController.swift; sourceTree = "<group>"; };
		807C0AFC1C61598600CF0C6E /* MessageManager.swift */ = {isa = PBXFileReference; fileEncoding = 4; lastKnownFileType = sourcecode.swift; path = MessageManager.swift; sourceTree = "<group>"; };
		80E954721C557BC3007BDB81 /* ConfigModel.swift */ = {isa = PBXFileReference; fileEncoding = 4; lastKnownFileType = sourcecode.swift; path = ConfigModel.swift; sourceTree = "<group>"; };
		80E954741C557DB5007BDB81 /* FlightModel.swift */ = {isa = PBXFileReference; fileEncoding = 4; lastKnownFileType = sourcecode.swift; path = FlightModel.swift; sourceTree = "<group>"; };
/* End PBXFileReference section */

/* Begin PBXFrameworksBuildPhase section */
		803D101F1B856D7300B8D958 /* Frameworks */ = {
			isa = PBXFrameworksBuildPhase;
			buildActionMask = 2147483647;
			files = (
			);
			runOnlyForDeploymentPostprocessing = 0;
		};
		803D10341B856D7400B8D958 /* Frameworks */ = {
			isa = PBXFrameworksBuildPhase;
			buildActionMask = 2147483647;
			files = (
			);
			runOnlyForDeploymentPostprocessing = 0;
		};
/* End PBXFrameworksBuildPhase section */

/* Begin PBXGroup section */
		803D10191B856D7300B8D958 = {
			isa = PBXGroup;
			children = (
				803D10241B856D7300B8D958 /* Chindii */,
				803D103A1B856D7400B8D958 /* ChindiiTests */,
				803D10231B856D7300B8D958 /* Products */,
			);
			sourceTree = "<group>";
			usesTabs = 1;
			wrapsLines = 0;
		};
		803D10231B856D7300B8D958 /* Products */ = {
			isa = PBXGroup;
			children = (
				803D10221B856D7300B8D958 /* Chindii.app */,
				803D10371B856D7400B8D958 /* ChindiiTests.xctest */,
			);
			name = Products;
			sourceTree = "<group>";
		};
		803D10241B856D7300B8D958 /* Chindii */ = {
			isa = PBXGroup;
			children = (
				803D10271B856D7400B8D958 /* AppDelegate.swift */,
				803D10291B856D7400B8D958 /* FlightViewController.swift */,
				803D10531B9E22A700B8D958 /* MenuViewController.swift */,
				807C0AFA1C5D127400CF0C6E /* BluetoothViewController.swift */,
				8065DC0B1C4DEA6A00FEC634 /* FramedSerialMessage.swift */,
				8065DC0D1C4DEDE600FEC634 /* FramedSerialProtocol.swift */,
				803D102B1B856D7400B8D958 /* Main.storyboard */,
				803D102E1B856D7400B8D958 /* Images.xcassets */,
				803D10301B856D7400B8D958 /* LaunchScreen.xib */,
				803D10251B856D7300B8D958 /* Supporting Files */,
				803D10511B9950A900B8D958 /* FlightView.swift */,
				80E954721C557BC3007BDB81 /* ConfigModel.swift */,
				80E954741C557DB5007BDB81 /* FlightModel.swift */,
				807C0AFC1C61598600CF0C6E /* MessageManager.swift */,
			);
			path = Chindii;
			sourceTree = "<group>";
		};
		803D10251B856D7300B8D958 /* Supporting Files */ = {
			isa = PBXGroup;
			children = (
				803D10261B856D7400B8D958 /* Info.plist */,
			);
			name = "Supporting Files";
			sourceTree = "<group>";
		};
		803D103A1B856D7400B8D958 /* ChindiiTests */ = {
			isa = PBXGroup;
			children = (
				803D103D1B856D7400B8D958 /* ChindiiTests.swift */,
				803D103B1B856D7400B8D958 /* Supporting Files */,
			);
			path = ChindiiTests;
			sourceTree = "<group>";
		};
		803D103B1B856D7400B8D958 /* Supporting Files */ = {
			isa = PBXGroup;
			children = (
				803D103C1B856D7400B8D958 /* Info.plist */,
			);
			name = "Supporting Files";
			sourceTree = "<group>";
		};
/* End PBXGroup section */

/* Begin PBXNativeTarget section */
		803D10211B856D7300B8D958 /* Chindii */ = {
			isa = PBXNativeTarget;
			buildConfigurationList = 803D10411B856D7400B8D958 /* Build configuration list for PBXNativeTarget "Chindii" */;
			buildPhases = (
				803D101E1B856D7300B8D958 /* Sources */,
				803D101F1B856D7300B8D958 /* Frameworks */,
				803D10201B856D7300B8D958 /* Resources */,
			);
			buildRules = (
			);
			dependencies = (
			);
			name = Chindii;
			productName = Chindii;
			productReference = 803D10221B856D7300B8D958 /* Chindii.app */;
			productType = "com.apple.product-type.application";
		};
		803D10361B856D7400B8D958 /* ChindiiTests */ = {
			isa = PBXNativeTarget;
			buildConfigurationList = 803D10441B856D7400B8D958 /* Build configuration list for PBXNativeTarget "ChindiiTests" */;
			buildPhases = (
				803D10331B856D7400B8D958 /* Sources */,
				803D10341B856D7400B8D958 /* Frameworks */,
				803D10351B856D7400B8D958 /* Resources */,
			);
			buildRules = (
			);
			dependencies = (
				803D10391B856D7400B8D958 /* PBXTargetDependency */,
			);
			name = ChindiiTests;
			productName = ChindiiTests;
			productReference = 803D10371B856D7400B8D958 /* ChindiiTests.xctest */;
			productType = "com.apple.product-type.bundle.unit-test";
		};
/* End PBXNativeTarget section */

/* Begin PBXProject section */
		803D101A1B856D7300B8D958 /* Project object */ = {
			isa = PBXProject;
			attributes = {
				LastSwiftMigration = 0710;
				LastSwiftUpdateCheck = 0710;
				LastUpgradeCheck = 0710;
				ORGANIZATIONNAME = "Warren Janssens";
				TargetAttributes = {
					803D10211B856D7300B8D958 = {
						CreatedOnToolsVersion = 6.4;
					};
					803D10361B856D7400B8D958 = {
						CreatedOnToolsVersion = 6.4;
						TestTargetID = 803D10211B856D7300B8D958;
					};
				};
			};
			buildConfigurationList = 803D101D1B856D7300B8D958 /* Build configuration list for PBXProject "Chindii" */;
			compatibilityVersion = "Xcode 3.2";
			developmentRegion = English;
			hasScannedForEncodings = 0;
			knownRegions = (
				en,
				Base,
			);
			mainGroup = 803D10191B856D7300B8D958;
			productRefGroup = 803D10231B856D7300B8D958 /* Products */;
			projectDirPath = "";
			projectRoot = "";
			targets = (
				803D10211B856D7300B8D958 /* Chindii */,
				803D10361B856D7400B8D958 /* ChindiiTests */,
			);
		};
/* End PBXProject section */

/* Begin PBXResourcesBuildPhase section */
		803D10201B856D7300B8D958 /* Resources */ = {
			isa = PBXResourcesBuildPhase;
			buildActionMask = 2147483647;
			files = (
				803D102D1B856D7400B8D958 /* Main.storyboard in Resources */,
				803D10321B856D7400B8D958 /* LaunchScreen.xib in Resources */,
				803D102F1B856D7400B8D958 /* Images.xcassets in Resources */,
			);
			runOnlyForDeploymentPostprocessing = 0;
		};
		803D10351B856D7400B8D958 /* Resources */ = {
			isa = PBXResourcesBuildPhase;
			buildActionMask = 2147483647;
			files = (
			);
			runOnlyForDeploymentPostprocessing = 0;
		};
/* End PBXResourcesBuildPhase section */

/* Begin PBXSourcesBuildPhase section */
		803D101E1B856D7300B8D958 /* Sources */ = {
			isa = PBXSourcesBuildPhase;
			buildActionMask = 2147483647;
			files = (
				8065DC0C1C4DEA6A00FEC634 /* FramedSerialMessage.swift in Sources */,
				803D10521B9950A900B8D958 /* FlightView.swift in Sources */,
				8065DC0E1C4DEDE600FEC634 /* FramedSerialProtocol.swift in Sources */,
				803D102A1B856D7400B8D958 /* FlightViewController.swift in Sources */,
				803D10281B856D7400B8D958 /* AppDelegate.swift in Sources */,
				803D10541B9E22A700B8D958 /* MenuViewController.swift in Sources */,
				80E954731C557BC3007BDB81 /* ConfigModel.swift in Sources */,
				807C0AFB1C5D127400CF0C6E /* BluetoothViewController.swift in Sources */,
				807C0AFD1C61598600CF0C6E /* MessageManager.swift in Sources */,
				80E954751C557DB5007BDB81 /* FlightModel.swift in Sources */,
			);
			runOnlyForDeploymentPostprocessing = 0;
		};
		803D10331B856D7400B8D958 /* Sources */ = {
			isa = PBXSourcesBuildPhase;
			buildActionMask = 2147483647;
			files = (
				803D103E1B856D7400B8D958 /* ChindiiTests.swift in Sources */,
			);
			runOnlyForDeploymentPostprocessing = 0;
		};
/* End PBXSourcesBuildPhase section */

/* Begin PBXTargetDependency section */
		803D10391B856D7400B8D958 /* PBXTargetDependency */ = {
			isa = PBXTargetDependency;
			target = 803D10211B856D7300B8D958 /* Chindii */;
			targetProxy = 803D10381B856D7400B8D958 /* PBXContainerItemProxy */;
		};
/* End PBXTargetDependency section */

/* Begin PBXVariantGroup section */
		803D102B1B856D7400B8D958 /* Main.storyboard */ = {
			isa = PBXVariantGroup;
			children = (
				803D102C1B856D7400B8D958 /* Base */,
			);
			name = Main.storyboard;
			sourceTree = "<group>";
		};
		803D10301B856D7400B8D958 /* LaunchScreen.xib */ = {
			isa = PBXVariantGroup;
			children = (
				803D10311B856D7400B8D958 /* Base */,
			);
			name = LaunchScreen.xib;
			sourceTree = "<group>";
		};
/* End PBXVariantGroup section */

/* Begin XCBuildConfiguration section */
		803D103F1B856D7400B8D958 /* Debug */ = {
			isa = XCBuildConfiguration;
			buildSettings = {
				ALWAYS_SEARCH_USER_PATHS = NO;
				CLANG_CXX_LANGUAGE_STANDARD = "gnu++0x";
				CLANG_CXX_LIBRARY = "libc++";
				CLANG_ENABLE_MODULES = YES;
				CLANG_ENABLE_OBJC_ARC = YES;
				CLANG_WARN_BOOL_CONVERSION = YES;
				CLANG_WARN_CONSTANT_CONVERSION = YES;
				CLANG_WARN_DIRECT_OBJC_ISA_USAGE = YES_ERROR;
				CLANG_WARN_EMPTY_BODY = YES;
				CLANG_WARN_ENUM_CONVERSION = YES;
				CLANG_WARN_INT_CONVERSION = YES;
				CLANG_WARN_OBJC_ROOT_CLASS = YES_ERROR;
				CLANG_WARN_UNREACHABLE_CODE = YES;
				CLANG_WARN__DUPLICATE_METHOD_MATCH = YES;
				"CODE_SIGN_IDENTITY[sdk=iphoneos*]" = "iPhone Developer";
				COPY_PHASE_STRIP = NO;
				DEBUG_INFORMATION_FORMAT = "dwarf-with-dsym";
				ENABLE_STRICT_OBJC_MSGSEND = YES;
				ENABLE_TESTABILITY = YES;
				GCC_C_LANGUAGE_STANDARD = gnu99;
				GCC_DYNAMIC_NO_PIC = NO;
				GCC_NO_COMMON_BLOCKS = YES;
				GCC_OPTIMIZATION_LEVEL = 0;
				GCC_PREPROCESSOR_DEFINITIONS = (
					"DEBUG=1",
					"$(inherited)",
				);
				GCC_SYMBOLS_PRIVATE_EXTERN = NO;
				GCC_WARN_64_TO_32_BIT_CONVERSION = YES;
				GCC_WARN_ABOUT_RETURN_TYPE = YES_ERROR;
				GCC_WARN_UNDECLARED_SELECTOR = YES;
				GCC_WARN_UNINITIALIZED_AUTOS = YES_AGGRESSIVE;
				GCC_WARN_UNUSED_FUNCTION = YES;
				GCC_WARN_UNUSED_VARIABLE = YES;
				IPHONEOS_DEPLOYMENT_TARGET = 8.4;
				MTL_ENABLE_DEBUG_INFO = YES;
				ONLY_ACTIVE_ARCH = YES;
				SDKROOT = iphoneos;
				SWIFT_OPTIMIZATION_LEVEL = "-Onone";
			};
			name = Debug;
		};
		803D10401B856D7400B8D958 /* Release */ = {
			isa = XCBuildConfiguration;
			buildSettings = {
				ALWAYS_SEARCH_USER_PATHS = NO;
				CLANG_CXX_LANGUAGE_STANDARD = "gnu++0x";
				CLANG_CXX_LIBRARY = "libc++";
				CLANG_ENABLE_MODULES = YES;
				CLANG_ENABLE_OBJC_ARC = YES;
				CLANG_WARN_BOOL_CONVERSION = YES;
				CLANG_WARN_CONSTANT_CONVERSION = YES;
				CLANG_WARN_DIRECT_OBJC_ISA_USAGE = YES_ERROR;
				CLANG_WARN_EMPTY_BODY = YES;
				CLANG_WARN_ENUM_CONVERSION = YES;
				CLANG_WARN_INT_CONVERSION = YES;
				CLANG_WARN_OBJC_ROOT_CLASS = YES_ERROR;
				CLANG_WARN_UNREACHABLE_CODE = YES;
				CLANG_WARN__DUPLICATE_METHOD_MATCH = YES;
				"CODE_SIGN_IDENTITY[sdk=iphoneos*]" = "iPhone Developer";
				COPY_PHASE_STRIP = NO;
				DEBUG_INFORMATION_FORMAT = "dwarf-with-dsym";
				ENABLE_NS_ASSERTIONS = NO;
				ENABLE_STRICT_OBJC_MSGSEND = YES;
				GCC_C_LANGUAGE_STANDARD = gnu99;
				GCC_NO_COMMON_BLOCKS = YES;
				GCC_WARN_64_TO_32_BIT_CONVERSION = YES;
				GCC_WARN_ABOUT_RETURN_TYPE = YES_ERROR;
				GCC_WARN_UNDECLARED_SELECTOR = YES;
				GCC_WARN_UNINITIALIZED_AUTOS = YES_AGGRESSIVE;
				GCC_WARN_UNUSED_FUNCTION = YES;
				GCC_WARN_UNUSED_VARIABLE = YES;
				IPHONEOS_DEPLOYMENT_TARGET = 8.4;
				MTL_ENABLE_DEBUG_INFO = NO;
				SDKROOT = iphoneos;
				VALIDATE_PRODUCT = YES;
			};
			name = Release;
		};
		803D10421B856D7400B8D958 /* Debug */ = {
			isa = XCBuildConfiguration;
			buildSettings = {
				ASSETCATALOG_COMPILER_APPICON_NAME = AppIcon;
				INFOPLIST_FILE = Chindii/Info.plist;
				LD_RUNPATH_SEARCH_PATHS = "$(inherited) @executable_path/Frameworks";
				PRODUCT_BUNDLE_IDENTIFIER = "ca.digitalcave.$(PRODUCT_NAME:rfc1034identifier)";
				PRODUCT_NAME = "$(TARGET_NAME)";
			};
			name = Debug;
		};
		803D10431B856D7400B8D958 /* Release */ = {
			isa = XCBuildConfiguration;
			buildSettings = {
				ASSETCATALOG_COMPILER_APPICON_NAME = AppIcon;
				INFOPLIST_FILE = Chindii/Info.plist;
				LD_RUNPATH_SEARCH_PATHS = "$(inherited) @executable_path/Frameworks";
				PRODUCT_BUNDLE_IDENTIFIER = "ca.digitalcave.$(PRODUCT_NAME:rfc1034identifier)";
				PRODUCT_NAME = "$(TARGET_NAME)";
			};
			name = Release;
		};
		803D10451B856D7400B8D958 /* Debug */ = {
			isa = XCBuildConfiguration;
			buildSettings = {
				BUNDLE_LOADER = "$(TEST_HOST)";
				FRAMEWORK_SEARCH_PATHS = (
					"$(SDKROOT)/Developer/Library/Frameworks",
					"$(inherited)",
				);
				GCC_PREPROCESSOR_DEFINITIONS = (
					"DEBUG=1",
					"$(inherited)",
				);
				INFOPLIST_FILE = ChindiiTests/Info.plist;
				LD_RUNPATH_SEARCH_PATHS = "$(inherited) @executable_path/Frameworks @loader_path/Frameworks";
				PRODUCT_BUNDLE_IDENTIFIER = "ca.digitalcave.$(PRODUCT_NAME:rfc1034identifier)";
				PRODUCT_NAME = "$(TARGET_NAME)";
				TEST_HOST = "$(BUILT_PRODUCTS_DIR)/Chindii.app/Chindii";
			};
			name = Debug;
		};
		803D10461B856D7400B8D958 /* Release */ = {
			isa = XCBuildConfiguration;
			buildSettings = {
				BUNDLE_LOADER = "$(TEST_HOST)";
				FRAMEWORK_SEARCH_PATHS = (
					"$(SDKROOT)/Developer/Library/Frameworks",
					"$(inherited)",
				);
				INFOPLIST_FILE = ChindiiTests/Info.plist;
				LD_RUNPATH_SEARCH_PATHS = "$(inherited) @executable_path/Frameworks @loader_path/Frameworks";
				PRODUCT_BUNDLE_IDENTIFIER = "ca.digitalcave.$(PRODUCT_NAME:rfc1034identifier)";
				PRODUCT_NAME = "$(TARGET_NAME)";
				TEST_HOST = "$(BUILT_PRODUCTS_DIR)/Chindii.app/Chindii";
			};
			name = Release;
		};
/* End XCBuildConfiguration section */

/* Begin XCConfigurationList section */
		803D101D1B856D7300B8D958 /* Build configuration list for PBXProject "Chindii" */ = {
			isa = XCConfigurationList;
			buildConfigurations = (
				803D103F1B856D7400B8D958 /* Debug */,
				803D10401B856D7400B8D958 /* Release */,
			);
			defaultConfigurationIsVisible = 0;
			defaultConfigurationName = Release;
		};
		803D10411B856D7400B8D958 /* Build configuration list for PBXNativeTarget "Chindii" */ = {
			isa = XCConfigurationList;
			buildConfigurations = (
				803D10421B856D7400B8D958 /* Debug */,
				803D10431B856D7400B8D958 /* Release */,
			);
			defaultConfigurationIsVisible = 0;
			defaultConfigurationName = Release;
		};
		803D10441B856D7400B8D958 /* Build configuration list for PBXNativeTarget "ChindiiTests" */ = {
			isa = XCConfigurationList;
			buildConfigurations = (
				803D10451B856D7400B8D958 /* Debug */,
				803D10461B856D7400B8D958 /* Release */,
			);
			defaultConfigurationIsVisible = 0;
			defaultConfigurationName = Release;
		};
/* End XCConfigurationList section */
	};
	rootObject = 803D101A1B856D7300B8D958 /* Project object */;
}
